
Microsoft Visual Studio Solution File, Format Version 11.00
# Visual Studio 2010
Project("{FAE04EC0-301F-11D3-BF4B-00C04F79EFBC}") = "MajorConsole", "Water-Polo\MajorConsole.csproj", "{5D168109-1DD0-4900-B5BA-EA135203401A}"
EndProject
Project("{FAE04EC0-301F-11D3-BF4B-00C04F79EFBC}") = "Common", "Common\Common.csproj", "{F299ECFC-1E08-4500-88D1-EF41641F12AC}"
EndProject
Project("{FAE04EC0-301F-11D3-BF4B-00C04F79EFBC}") = "SocketPublic", "SocketPublic\SocketPublic.csproj", "{479B2F84-F9EE-4E04-A4B2-CB8BB525D3DC}"
EndProject
Project("{FAE04EC0-301F-11D3-BF4B-00C04F79EFBC}") = "TimingControl", "TimingControl\TimingControl.csproj", "{9D87A0B7-7A60-494A-932F-46AD72478058}"
EndProject
Project("{FAE04EC0-301F-11D3-BF4B-00C04F79EFBC}") = "RefereeConsole", "RefereeConsole\RefereeConsole.csproj", "{0DA0D381-8A3D-45E3-A830-80FAC954C042}"
EndProject
Project("{FAE04EC0-301F-11D3-BF4B-00C04F79EFBC}") = "RefereeConfig", "RefereeConfig\RefereeConfig.csproj", "{4D90A7A0-60E4-43EC-A813-1864EE610BDA}"
EndProject
Project("{2150E333-8FDC-42A3-9474-1A3956D46DE8}") = "Referee", "Referee", "{E5EBAECA-38FE-4B3B-818B-3F49630AF767}"
EndProject
Project("{FAE04EC0-301F-11D3-BF4B-00C04F79EFBC}") = "DisplayConsole", "DisplayConsole\DisplayConsole.csproj", "{E253CE13-8731-43B9-AB11-38DE455C85D1}"
EndProject
Project("{FAE04EC0-301F-11D3-BF4B-00C04F79EFBC}") = "DisplayConfig", "DisplayConfig\DisplayConfig.csproj", "{863D5234-CD28-422E-9C9F-3F777672E57C}"
EndProject
Project("{2150E333-8FDC-42A3-9474-1A3956D46DE8}") = "Display", "Display", "{0B96A94E-1C38-4184-8CE3-65A9EAFB383D}"
EndProject
Project("{2150E333-8FDC-42A3-9474-1A3956D46DE8}") = "Major", "Major", "{62DDD752-E340-493B-83EA-439D9E7FC939}"
EndProject
Project("{FAE04EC0-301F-11D3-BF4B-00C04F79EFBC}") = "TestingConsole", "TestingConsole'\TestingConsole.csproj", "{28D89073-7893-4D13-BDB7-02BA2CC50FF7}"
EndProject
Project("{FAE04EC0-301F-11D3-BF4B-00C04F79EFBC}") = "ComPublic", "ComPublic\ComPublic.csproj", "{45110325-59AE-4308-AA4B-ED7A98EE83D7}"
EndProject
Project("{FAE04EC0-301F-11D3-BF4B-00C04F79EFBC}") = "Testing", "Testing\Testing.csproj", "{0A04B48D-DBE3-4A1B-A7E3-4234AC0B4E6E}"
EndProject
Global
	GlobalSection(SolutionConfigurationPlatforms) = preSolution
		Debug|x86 = Debug|x86
		Release|x86 = Release|x86
	EndGlobalSection
	GlobalSection(ProjectConfigurationPlatforms) = postSolution
		{5D168109-1DD0-4900-B5BA-EA135203401A}.Debug|x86.ActiveCfg = Debug|x86
		{5D168109-1DD0-4900-B5BA-EA135203401A}.Debug|x86.Build.0 = Debug|x86
		{5D168109-1DD0-4900-B5BA-EA135203401A}.Release|x86.ActiveCfg = Release|x86
		{5D168109-1DD0-4900-B5BA-EA135203401A}.Release|x86.Build.0 = Release|x86
		{F299ECFC-1E08-4500-88D1-EF41641F12AC}.Debug|x86.ActiveCfg = Debug|x86
		{F299ECFC-1E08-4500-88D1-EF41641F12AC}.Debug|x86.Build.0 = Debug|x86
		{F299ECFC-1E08-4500-88D1-EF41641F12AC}.Release|x86.ActiveCfg = Release|x86
		{F299ECFC-1E08-4500-88D1-EF41641F12AC}.Release|x86.Build.0 = Release|x86
		{479B2F84-F9EE-4E04-A4B2-CB8BB525D3DC}.Debug|x86.ActiveCfg = Debug|x86
		{479B2F84-F9EE-4E04-A4B2-CB8BB525D3DC}.Debug|x86.Build.0 = Debug|x86
		{479B2F84-F9EE-4E04-A4B2-CB8BB525D3DC}.Release|x86.ActiveCfg = Release|x86
		{479B2F84-F9EE-4E04-A4B2-CB8BB525D3DC}.Release|x86.Build.0 = Release|x86
		{9D87A0B7-7A60-494A-932F-46AD72478058}.Debug|x86.ActiveCfg = Debug|x86
		{9D87A0B7-7A60-494A-932F-46AD72478058}.Debug|x86.Build.0 = Debug|x86
		{9D87A0B7-7A60-494A-932F-46AD72478058}.Release|x86.ActiveCfg = Release|x86
		{9D87A0B7-7A60-494A-932F-46AD72478058}.Release|x86.Build.0 = Release|x86
		{0DA0D381-8A3D-45E3-A830-80FAC954C042}.Debug|x86.ActiveCfg = Debug|x86
		{0DA0D381-8A3D-45E3-A830-80FAC954C042}.Debug|x86.Build.0 = Debug|x86
		{0DA0D381-8A3D-45E3-A830-80FAC954C042}.Release|x86.ActiveCfg = Release|x86
		{0DA0D381-8A3D-45E3-A830-80FAC954C042}.Release|x86.Build.0 = Release|x86
		{4D90A7A0-60E4-43EC-A813-1864EE610BDA}.Debug|x86.ActiveCfg = Debug|x86
		{4D90A7A0-60E4-43EC-A813-1864EE610BDA}.Debug|x86.Build.0 = Debug|x86
		{4D90A7A0-60E4-43EC-A813-1864EE610BDA}.Release|x86.ActiveCfg = Release|x86
		{4D90A7A0-60E4-43EC-A813-1864EE610BDA}.Release|x86.Build.0 = Release|x86
		{E253CE13-8731-43B9-AB11-38DE455C85D1}.Debug|x86.ActiveCfg = Debug|x86
		{E253CE13-8731-43B9-AB11-38DE455C85D1}.Debug|x86.Build.0 = Debug|x86
		{E253CE13-8731-43B9-AB11-38DE455C85D1}.Release|x86.ActiveCfg = Release|x86
		{E253CE13-8731-43B9-AB11-38DE455C85D1}.Release|x86.Build.0 = Release|x86
		{863D5234-CD28-422E-9C9F-3F777672E57C}.Debug|x86.ActiveCfg = Debug|x86
		{863D5234-CD28-422E-9C9F-3F777672E57C}.Debug|x86.Build.0 = Debug|x86
		{863D5234-CD28-422E-9C9F-3F777672E57C}.Release|x86.ActiveCfg = Release|x86
		{863D5234-CD28-422E-9C9F-3F777672E57C}.Release|x86.Build.0 = Release|x86
		{28D89073-7893-4D13-BDB7-02BA2CC50FF7}.Debug|x86.ActiveCfg = Debug|x86
		{28D89073-7893-4D13-BDB7-02BA2CC50FF7}.Debug|x86.Build.0 = Debug|x86
		{28D89073-7893-4D13-BDB7-02BA2CC50FF7}.Release|x86.ActiveCfg = Release|x86
		{28D89073-7893-4D13-BDB7-02BA2CC50FF7}.Release|x86.Build.0 = Release|x86
		{45110325-59AE-4308-AA4B-ED7A98EE83D7}.Debug|x86.ActiveCfg = Debug|x86
		{45110325-59AE-4308-AA4B-ED7A98EE83D7}.Debug|x86.Build.0 = Debug|x86
		{45110325-59AE-4308-AA4B-ED7A98EE83D7}.Release|x86.ActiveCfg = Release|x86
		{45110325-59AE-4308-AA4B-ED7A98EE83D7}.Release|x86.Build.0 = Release|x86
		{0A04B48D-DBE3-4A1B-A7E3-4234AC0B4E6E}.Debug|x86.ActiveCfg = Debug|x86
		{0A04B48D-DBE3-4A1B-A7E3-4234AC0B4E6E}.Debug|x86.Build.0 = Debug|x86
		{0A04B48D-DBE3-4A1B-A7E3-4234AC0B4E6E}.Release|x86.ActiveCfg = Release|x86
		{0A04B48D-DBE3-4A1B-A7E3-4234AC0B4E6E}.Release|x86.Build.0 = Release|x86
	EndGlobalSection
	GlobalSection(SolutionProperties) = preSolution
		HideSolutionNode = FALSE
	EndGlobalSection
	GlobalSection(NestedProjects) = preSolution
		{5D168109-1DD0-4900-B5BA-EA135203401A} = {62DDD752-E340-493B-83EA-439D9E7FC939}
		{4D90A7A0-60E4-43EC-A813-1864EE610BDA} = {E5EBAECA-38FE-4B3B-818B-3F49630AF767}
		{0DA0D381-8A3D-45E3-A830-80FAC954C042} = {E5EBAECA-38FE-4B3B-818B-3F49630AF767}
		{863D5234-CD28-422E-9C9F-3F777672E57C} = {0B96A94E-1C38-4184-8CE3-65A9EAFB383D}
		{E253CE13-8731-43B9-AB11-38DE455C85D1} = {0B96A94E-1C38-4184-8CE3-65A9EAFB383D}
	EndGlobalSection
EndGlobal
