
Microsoft Visual Studio Solution File, Format Version 12.00
# Visual Studio 15
VisualStudioVersion = 15.0.26730.12
MinimumVisualStudioVersion = 10.0.40219.1
Project("{FAE04EC0-301F-11D3-BF4B-00C04F79EFBC}") = "WaterPolo.Simple.Core", "WaterPolo.Simple.Core\WaterPolo.Simple.Core.csproj", "{5E8B0AB3-2108-4B7A-9BB0-EF2C163B0ECC}"
EndProject
Project("{FAE04EC0-301F-11D3-BF4B-00C04F79EFBC}") = "WaterPolo.Simple.DataAccess", "WaterPolo.Simple.DataAccess\WaterPolo.Simple.DataAccess.csproj", "{F9677219-9DA4-4F5C-8B92-5B01FCBF8FFC}"
EndProject
Project("{FAE04EC0-301F-11D3-BF4B-00C04F79EFBC}") = "WaterPolo.Simple.DisplayConsole", "WaterPolo.Simple.DisplayConsole\WaterPolo.Simple.DisplayConsole.csproj", "{BC23D1C7-223E-4F4A-AA34-78911AA4AE73}"
EndProject
Project("{FAE04EC0-301F-11D3-BF4B-00C04F79EFBC}") = "WaterPolo.Simple.RefereeConsole", "WaterPolo.Simple.RefereeConsole\WaterPolo.Simple.RefereeConsole.csproj", "{0C5F31D8-BF02-4A57-8856-4E4C3E18CF8A}"
EndProject
Project("{FAE04EC0-301F-11D3-BF4B-00C04F79EFBC}") = "WaterPolo.Simple.DataAccess.Test", "WaterPolo.Simple.DataAccess.Test\WaterPolo.Simple.DataAccess.Test.csproj", "{C5B48639-F2D7-48D1-9B23-0E82A02299C3}"
EndProject
Project("{FAE04EC0-301F-11D3-BF4B-00C04F79EFBC}") = "WaterPolo.Simple.DataCenter", "WaterPolo.Simple.DataCenter\WaterPolo.Simple.DataCenter.csproj", "{0C1AD6A6-FF29-4886-B355-7C8DB15B212E}"
EndProject
Project("{FAE04EC0-301F-11D3-BF4B-00C04F79EFBC}") = "WaterPolo.Simple.Core.Control", "WaterPolo.Simple.Core.Control\WaterPolo.Simple.Core.Control.csproj", "{212434C5-91AA-4EF5-9617-B163CE3E1B20}"
EndProject
Project("{2150E333-8FDC-42A3-9474-1A3956D46DE8}") = "Test Utility", "Test Utility", "{BA6A0F74-15A7-4B24-8329-6CA86831C319}"
EndProject
Project("{FAE04EC0-301F-11D3-BF4B-00C04F79EFBC}") = "WaterPolo.Simple.SerialDevice.Tester", "WaterPolo.Simple.SerialDevice.Tester\WaterPolo.Simple.SerialDevice.Tester.csproj", "{E9022ADE-E6AE-4DED-A964-B710A54A48C2}"
EndProject
Project("{FAE04EC0-301F-11D3-BF4B-00C04F79EFBC}") = "WaterPolo.Simple.Socket.Tester", "WaterPolo.Simple.Socket.Tester\WaterPolo.Simple.Socket.Tester.csproj", "{019D016B-43D6-4445-BED3-4E36BAA059DB}"
EndProject
Project("{FAE04EC0-301F-11D3-BF4B-00C04F79EFBC}") = "WaterPolo.Simple.Core.Test", "WaterPolo.Simple.Core.Test\WaterPolo.Simple.Core.Test.csproj", "{00D67C00-C28A-4922-A5B2-72102EDFEC47}"
EndProject
Project("{FAE04EC0-301F-11D3-BF4B-00C04F79EFBC}") = "WaterPolo.Crud.Test", "WaterPolo.Crud.Test\WaterPolo.Crud.Test.csproj", "{A9AE8492-430A-443E-AD8A-E0FE111A602E}"
EndProject
Project("{FAE04EC0-301F-11D3-BF4B-00C04F79EFBC}") = "WaterPolo.Simple.DataCenter.New", "WaterPolo.Simple.DataCenter.New\WaterPolo.Simple.DataCenter.New.csproj", "{78E70720-AFCD-41D0-89DA-407126F02AD3}"
EndProject
Global
	GlobalSection(SolutionConfigurationPlatforms) = preSolution
		Debug|Any CPU = Debug|Any CPU
		Release|Any CPU = Release|Any CPU
	EndGlobalSection
	GlobalSection(ProjectConfigurationPlatforms) = postSolution
		{5E8B0AB3-2108-4B7A-9BB0-EF2C163B0ECC}.Debug|Any CPU.ActiveCfg = Debug|Any CPU
		{5E8B0AB3-2108-4B7A-9BB0-EF2C163B0ECC}.Debug|Any CPU.Build.0 = Debug|Any CPU
		{5E8B0AB3-2108-4B7A-9BB0-EF2C163B0ECC}.Release|Any CPU.ActiveCfg = Release|Any CPU
		{5E8B0AB3-2108-4B7A-9BB0-EF2C163B0ECC}.Release|Any CPU.Build.0 = Release|Any CPU
		{F9677219-9DA4-4F5C-8B92-5B01FCBF8FFC}.Debug|Any CPU.ActiveCfg = Debug|Any CPU
		{F9677219-9DA4-4F5C-8B92-5B01FCBF8FFC}.Debug|Any CPU.Build.0 = Debug|Any CPU
		{F9677219-9DA4-4F5C-8B92-5B01FCBF8FFC}.Release|Any CPU.ActiveCfg = Release|Any CPU
		{F9677219-9DA4-4F5C-8B92-5B01FCBF8FFC}.Release|Any CPU.Build.0 = Release|Any CPU
		{BC23D1C7-223E-4F4A-AA34-78911AA4AE73}.Debug|Any CPU.ActiveCfg = Debug|Any CPU
		{BC23D1C7-223E-4F4A-AA34-78911AA4AE73}.Debug|Any CPU.Build.0 = Debug|Any CPU
		{BC23D1C7-223E-4F4A-AA34-78911AA4AE73}.Release|Any CPU.ActiveCfg = Release|Any CPU
		{BC23D1C7-223E-4F4A-AA34-78911AA4AE73}.Release|Any CPU.Build.0 = Release|Any CPU
		{0C5F31D8-BF02-4A57-8856-4E4C3E18CF8A}.Debug|Any CPU.ActiveCfg = Debug|Any CPU
		{0C5F31D8-BF02-4A57-8856-4E4C3E18CF8A}.Debug|Any CPU.Build.0 = Debug|Any CPU
		{0C5F31D8-BF02-4A57-8856-4E4C3E18CF8A}.Release|Any CPU.ActiveCfg = Release|Any CPU
		{0C5F31D8-BF02-4A57-8856-4E4C3E18CF8A}.Release|Any CPU.Build.0 = Release|Any CPU
		{C5B48639-F2D7-48D1-9B23-0E82A02299C3}.Debug|Any CPU.ActiveCfg = Debug|Any CPU
		{C5B48639-F2D7-48D1-9B23-0E82A02299C3}.Debug|Any CPU.Build.0 = Debug|Any CPU
		{C5B48639-F2D7-48D1-9B23-0E82A02299C3}.Release|Any CPU.ActiveCfg = Release|Any CPU
		{C5B48639-F2D7-48D1-9B23-0E82A02299C3}.Release|Any CPU.Build.0 = Release|Any CPU
		{0C1AD6A6-FF29-4886-B355-7C8DB15B212E}.Debug|Any CPU.ActiveCfg = Debug|Any CPU
		{0C1AD6A6-FF29-4886-B355-7C8DB15B212E}.Debug|Any CPU.Build.0 = Debug|Any CPU
		{0C1AD6A6-FF29-4886-B355-7C8DB15B212E}.Release|Any CPU.ActiveCfg = Release|Any CPU
		{0C1AD6A6-FF29-4886-B355-7C8DB15B212E}.Release|Any CPU.Build.0 = Release|Any CPU
		{212434C5-91AA-4EF5-9617-B163CE3E1B20}.Debug|Any CPU.ActiveCfg = Debug|Any CPU
		{212434C5-91AA-4EF5-9617-B163CE3E1B20}.Debug|Any CPU.Build.0 = Debug|Any CPU
		{212434C5-91AA-4EF5-9617-B163CE3E1B20}.Release|Any CPU.ActiveCfg = Release|Any CPU
		{212434C5-91AA-4EF5-9617-B163CE3E1B20}.Release|Any CPU.Build.0 = Release|Any CPU
		{E9022ADE-E6AE-4DED-A964-B710A54A48C2}.Debug|Any CPU.ActiveCfg = Debug|Any CPU
		{E9022ADE-E6AE-4DED-A964-B710A54A48C2}.Debug|Any CPU.Build.0 = Debug|Any CPU
		{E9022ADE-E6AE-4DED-A964-B710A54A48C2}.Release|Any CPU.ActiveCfg = Release|Any CPU
		{E9022ADE-E6AE-4DED-A964-B710A54A48C2}.Release|Any CPU.Build.0 = Release|Any CPU
		{019D016B-43D6-4445-BED3-4E36BAA059DB}.Debug|Any CPU.ActiveCfg = Debug|Any CPU
		{019D016B-43D6-4445-BED3-4E36BAA059DB}.Debug|Any CPU.Build.0 = Debug|Any CPU
		{019D016B-43D6-4445-BED3-4E36BAA059DB}.Release|Any CPU.ActiveCfg = Release|Any CPU
		{019D016B-43D6-4445-BED3-4E36BAA059DB}.Release|Any CPU.Build.0 = Release|Any CPU
		{00D67C00-C28A-4922-A5B2-72102EDFEC47}.Debug|Any CPU.ActiveCfg = Debug|Any CPU
		{00D67C00-C28A-4922-A5B2-72102EDFEC47}.Debug|Any CPU.Build.0 = Debug|Any CPU
		{00D67C00-C28A-4922-A5B2-72102EDFEC47}.Release|Any CPU.ActiveCfg = Release|Any CPU
		{00D67C00-C28A-4922-A5B2-72102EDFEC47}.Release|Any CPU.Build.0 = Release|Any CPU
		{A9AE8492-430A-443E-AD8A-E0FE111A602E}.Debug|Any CPU.ActiveCfg = Debug|Any CPU
		{A9AE8492-430A-443E-AD8A-E0FE111A602E}.Debug|Any CPU.Build.0 = Debug|Any CPU
		{A9AE8492-430A-443E-AD8A-E0FE111A602E}.Release|Any CPU.ActiveCfg = Release|Any CPU
		{A9AE8492-430A-443E-AD8A-E0FE111A602E}.Release|Any CPU.Build.0 = Release|Any CPU
		{78E70720-AFCD-41D0-89DA-407126F02AD3}.Debug|Any CPU.ActiveCfg = Debug|Any CPU
		{78E70720-AFCD-41D0-89DA-407126F02AD3}.Debug|Any CPU.Build.0 = Debug|Any CPU
		{78E70720-AFCD-41D0-89DA-407126F02AD3}.Release|Any CPU.ActiveCfg = Release|Any CPU
		{78E70720-AFCD-41D0-89DA-407126F02AD3}.Release|Any CPU.Build.0 = Release|Any CPU
	EndGlobalSection
	GlobalSection(SolutionProperties) = preSolution
		HideSolutionNode = FALSE
	EndGlobalSection
	GlobalSection(NestedProjects) = preSolution
		{E9022ADE-E6AE-4DED-A964-B710A54A48C2} = {BA6A0F74-15A7-4B24-8329-6CA86831C319}
		{019D016B-43D6-4445-BED3-4E36BAA059DB} = {BA6A0F74-15A7-4B24-8329-6CA86831C319}
	EndGlobalSection
	GlobalSection(ExtensibilityGlobals) = postSolution
		SolutionGuid = {3BB9DB7A-E832-4E3B-9F83-73E979E5C150}
	EndGlobalSection
EndGlobal
