
Microsoft Visual Studio Solution File, Format Version 11.00
# Visual Studio 2010
Project("{FAE04EC0-301F-11D3-BF4B-00C04F79EFBC}") = "ApplicationCommon", "ApplicationCommon\ApplicationCommon.csproj", "{5CBA2E47-A13F-4B65-98B5-837B556D7159}"
EndProject
Project("{FAE04EC0-301F-11D3-BF4B-00C04F79EFBC}") = "ApplicationControlCommon", "ApplicationControlCommon\ApplicationControlCommon.csproj", "{B82584B0-5485-47E0-A6AB-6BB12F250791}"
EndProject
Project("{FAE04EC0-301F-11D3-BF4B-00C04F79EFBC}") = "TestingConsole", "TestingConsole\TestingConsole.csproj", "{77F75BC3-3C39-449E-BE74-A38E4780B360}"
EndProject
Project("{FAE04EC0-301F-11D3-BF4B-00C04F79EFBC}") = "General Match Service", "ApplicationService\General Match Service.csproj", "{9982910C-58F5-4FE7-9644-D4E110D8CF3B}"
EndProject
Project("{FAE04EC0-301F-11D3-BF4B-00C04F79EFBC}") = "RemoteCommon", "RemoteCommon\RemoteCommon.csproj", "{06DA5A87-0889-41A2-A6E7-2E13ABCF393B}"
EndProject
Project("{2150E333-8FDC-42A3-9474-1A3956D46DE8}") = "Application", "Application", "{7741A81B-4CD8-464F-9779-E2294A867ED0}"
EndProject
Project("{2150E333-8FDC-42A3-9474-1A3956D46DE8}") = "Testing", "Testing", "{3765CE52-B9EA-4B4B-9AE6-823E4DC6BBA9}"
EndProject
Project("{FAE04EC0-301F-11D3-BF4B-00C04F79EFBC}") = "ClientCommon", "ClientCommon\ClientCommon.csproj", "{C133B419-46EB-444F-A465-76E391017728}"
EndProject
Project("{FAE04EC0-301F-11D3-BF4B-00C04F79EFBC}") = "ClientControlCommon", "ClientControlCommon\ClientControlCommon.csproj", "{CBBF26F9-17C0-493A-AEDC-1E10382B8E8D}"
EndProject
Project("{2150E333-8FDC-42A3-9474-1A3956D46DE8}") = "Client", "Client", "{83BFD835-10BA-46B7-B0E4-86A151B1E69C}"
EndProject
Project("{FAE04EC0-301F-11D3-BF4B-00C04F79EFBC}") = "ApplicationTesting", "ApplicationTesting\ApplicationTesting.csproj", "{4C017325-80F9-40D9-95E8-B26885B1F59A}"
EndProject
Project("{FAE04EC0-301F-11D3-BF4B-00C04F79EFBC}") = "SystemManager", "SystemManager\SystemManager.csproj", "{2A73283B-711C-4FA3-8EA2-3B3B8866BC19}"
EndProject
Project("{2150E333-8FDC-42A3-9474-1A3956D46DE8}") = "Function", "Function", "{D37DB1DA-FF98-4830-B543-4A683B68394E}"
EndProject
Project("{FAE04EC0-301F-11D3-BF4B-00C04F79EFBC}") = "General Match Client", "ApplicationClient\General Match Client.csproj", "{67F62C65-B407-4C7C-BEF4-B5F8DCB60895}"
EndProject
Project("{FAE04EC0-301F-11D3-BF4B-00C04F79EFBC}") = "AthleticsParamManager", "AthleticsParamManager\AthleticsParamManager.csproj", "{7306FB6B-9B2C-4503-A8CF-724A1F54F150}"
EndProject
Project("{FAE04EC0-301F-11D3-BF4B-00C04F79EFBC}") = "SubStance", "SubStance\SubStance.csproj", "{C30B6555-F931-40F0-9494-58B957A54D65}"
EndProject
Project("{FAE04EC0-301F-11D3-BF4B-00C04F79EFBC}") = "Persistent", "Persistent\Persistent.csproj", "{C91EE197-78A2-4F70-9B2F-E05445BD56E3}"
EndProject
Project("{2150E333-8FDC-42A3-9474-1A3956D46DE8}") = "SqlClass", "SqlClass", "{EAB51645-0FF2-403D-BD20-E1BCB79C9E50}"
EndProject
Project("{FAE04EC0-301F-11D3-BF4B-00C04F79EFBC}") = "ScheduleManager", "ScheduleManager\ScheduleManager.csproj", "{C0BA8DF4-873C-4053-8E7C-E58FF9DE7731}"
EndProject
Global
	GlobalSection(SolutionConfigurationPlatforms) = preSolution
		Debug|x86 = Debug|x86
		Release|x86 = Release|x86
	EndGlobalSection
	GlobalSection(ProjectConfigurationPlatforms) = postSolution
		{5CBA2E47-A13F-4B65-98B5-837B556D7159}.Debug|x86.ActiveCfg = Debug|x86
		{5CBA2E47-A13F-4B65-98B5-837B556D7159}.Debug|x86.Build.0 = Debug|x86
		{5CBA2E47-A13F-4B65-98B5-837B556D7159}.Release|x86.ActiveCfg = Release|x86
		{5CBA2E47-A13F-4B65-98B5-837B556D7159}.Release|x86.Build.0 = Release|x86
		{B82584B0-5485-47E0-A6AB-6BB12F250791}.Debug|x86.ActiveCfg = Debug|x86
		{B82584B0-5485-47E0-A6AB-6BB12F250791}.Debug|x86.Build.0 = Debug|x86
		{B82584B0-5485-47E0-A6AB-6BB12F250791}.Release|x86.ActiveCfg = Release|x86
		{B82584B0-5485-47E0-A6AB-6BB12F250791}.Release|x86.Build.0 = Release|x86
		{77F75BC3-3C39-449E-BE74-A38E4780B360}.Debug|x86.ActiveCfg = Debug|x86
		{77F75BC3-3C39-449E-BE74-A38E4780B360}.Debug|x86.Build.0 = Debug|x86
		{77F75BC3-3C39-449E-BE74-A38E4780B360}.Release|x86.ActiveCfg = Release|x86
		{77F75BC3-3C39-449E-BE74-A38E4780B360}.Release|x86.Build.0 = Release|x86
		{9982910C-58F5-4FE7-9644-D4E110D8CF3B}.Debug|x86.ActiveCfg = Debug|x86
		{9982910C-58F5-4FE7-9644-D4E110D8CF3B}.Debug|x86.Build.0 = Debug|x86
		{9982910C-58F5-4FE7-9644-D4E110D8CF3B}.Release|x86.ActiveCfg = Release|x86
		{9982910C-58F5-4FE7-9644-D4E110D8CF3B}.Release|x86.Build.0 = Release|x86
		{06DA5A87-0889-41A2-A6E7-2E13ABCF393B}.Debug|x86.ActiveCfg = Debug|x86
		{06DA5A87-0889-41A2-A6E7-2E13ABCF393B}.Debug|x86.Build.0 = Debug|x86
		{06DA5A87-0889-41A2-A6E7-2E13ABCF393B}.Release|x86.ActiveCfg = Release|x86
		{06DA5A87-0889-41A2-A6E7-2E13ABCF393B}.Release|x86.Build.0 = Release|x86
		{C133B419-46EB-444F-A465-76E391017728}.Debug|x86.ActiveCfg = Debug|x86
		{C133B419-46EB-444F-A465-76E391017728}.Debug|x86.Build.0 = Debug|x86
		{C133B419-46EB-444F-A465-76E391017728}.Release|x86.ActiveCfg = Release|x86
		{C133B419-46EB-444F-A465-76E391017728}.Release|x86.Build.0 = Release|x86
		{CBBF26F9-17C0-493A-AEDC-1E10382B8E8D}.Debug|x86.ActiveCfg = Debug|x86
		{CBBF26F9-17C0-493A-AEDC-1E10382B8E8D}.Debug|x86.Build.0 = Debug|x86
		{CBBF26F9-17C0-493A-AEDC-1E10382B8E8D}.Release|x86.ActiveCfg = Release|x86
		{CBBF26F9-17C0-493A-AEDC-1E10382B8E8D}.Release|x86.Build.0 = Release|x86
		{4C017325-80F9-40D9-95E8-B26885B1F59A}.Debug|x86.ActiveCfg = Debug|x86
		{4C017325-80F9-40D9-95E8-B26885B1F59A}.Debug|x86.Build.0 = Debug|x86
		{4C017325-80F9-40D9-95E8-B26885B1F59A}.Release|x86.ActiveCfg = Release|x86
		{4C017325-80F9-40D9-95E8-B26885B1F59A}.Release|x86.Build.0 = Release|x86
		{2A73283B-711C-4FA3-8EA2-3B3B8866BC19}.Debug|x86.ActiveCfg = Debug|x86
		{2A73283B-711C-4FA3-8EA2-3B3B8866BC19}.Debug|x86.Build.0 = Debug|x86
		{2A73283B-711C-4FA3-8EA2-3B3B8866BC19}.Release|x86.ActiveCfg = Release|x86
		{2A73283B-711C-4FA3-8EA2-3B3B8866BC19}.Release|x86.Build.0 = Release|x86
		{67F62C65-B407-4C7C-BEF4-B5F8DCB60895}.Debug|x86.ActiveCfg = Debug|x86
		{67F62C65-B407-4C7C-BEF4-B5F8DCB60895}.Debug|x86.Build.0 = Debug|x86
		{67F62C65-B407-4C7C-BEF4-B5F8DCB60895}.Release|x86.ActiveCfg = Release|x86
		{67F62C65-B407-4C7C-BEF4-B5F8DCB60895}.Release|x86.Build.0 = Release|x86
		{7306FB6B-9B2C-4503-A8CF-724A1F54F150}.Debug|x86.ActiveCfg = Debug|x86
		{7306FB6B-9B2C-4503-A8CF-724A1F54F150}.Debug|x86.Build.0 = Debug|x86
		{7306FB6B-9B2C-4503-A8CF-724A1F54F150}.Release|x86.ActiveCfg = Release|x86
		{7306FB6B-9B2C-4503-A8CF-724A1F54F150}.Release|x86.Build.0 = Release|x86
		{C30B6555-F931-40F0-9494-58B957A54D65}.Debug|x86.ActiveCfg = Debug|x86
		{C30B6555-F931-40F0-9494-58B957A54D65}.Debug|x86.Build.0 = Debug|x86
		{C30B6555-F931-40F0-9494-58B957A54D65}.Release|x86.ActiveCfg = Release|x86
		{C30B6555-F931-40F0-9494-58B957A54D65}.Release|x86.Build.0 = Release|x86
		{C91EE197-78A2-4F70-9B2F-E05445BD56E3}.Debug|x86.ActiveCfg = Debug|x86
		{C91EE197-78A2-4F70-9B2F-E05445BD56E3}.Debug|x86.Build.0 = Debug|x86
		{C91EE197-78A2-4F70-9B2F-E05445BD56E3}.Release|x86.ActiveCfg = Release|x86
		{C91EE197-78A2-4F70-9B2F-E05445BD56E3}.Release|x86.Build.0 = Release|x86
		{C0BA8DF4-873C-4053-8E7C-E58FF9DE7731}.Debug|x86.ActiveCfg = Debug|x86
		{C0BA8DF4-873C-4053-8E7C-E58FF9DE7731}.Debug|x86.Build.0 = Debug|x86
		{C0BA8DF4-873C-4053-8E7C-E58FF9DE7731}.Release|x86.ActiveCfg = Release|x86
		{C0BA8DF4-873C-4053-8E7C-E58FF9DE7731}.Release|x86.Build.0 = Release|x86
	EndGlobalSection
	GlobalSection(SolutionProperties) = preSolution
		HideSolutionNode = FALSE
	EndGlobalSection
	GlobalSection(NestedProjects) = preSolution
		{B82584B0-5485-47E0-A6AB-6BB12F250791} = {7741A81B-4CD8-464F-9779-E2294A867ED0}
		{5CBA2E47-A13F-4B65-98B5-837B556D7159} = {7741A81B-4CD8-464F-9779-E2294A867ED0}
		{77F75BC3-3C39-449E-BE74-A38E4780B360} = {3765CE52-B9EA-4B4B-9AE6-823E4DC6BBA9}
		{4C017325-80F9-40D9-95E8-B26885B1F59A} = {3765CE52-B9EA-4B4B-9AE6-823E4DC6BBA9}
		{CBBF26F9-17C0-493A-AEDC-1E10382B8E8D} = {83BFD835-10BA-46B7-B0E4-86A151B1E69C}
		{C133B419-46EB-444F-A465-76E391017728} = {83BFD835-10BA-46B7-B0E4-86A151B1E69C}
		{2A73283B-711C-4FA3-8EA2-3B3B8866BC19} = {D37DB1DA-FF98-4830-B543-4A683B68394E}
		{7306FB6B-9B2C-4503-A8CF-724A1F54F150} = {D37DB1DA-FF98-4830-B543-4A683B68394E}
		{C0BA8DF4-873C-4053-8E7C-E58FF9DE7731} = {D37DB1DA-FF98-4830-B543-4A683B68394E}
		{C91EE197-78A2-4F70-9B2F-E05445BD56E3} = {EAB51645-0FF2-403D-BD20-E1BCB79C9E50}
		{C30B6555-F931-40F0-9494-58B957A54D65} = {EAB51645-0FF2-403D-BD20-E1BCB79C9E50}
	EndGlobalSection
EndGlobal
